
Microsoft Visual Studio Solution File, Format Version 12.00
# Visual Studio 15
Project("{FAE04EC0-301F-11D3-BF4B-00C04F79EFBC}") = "Assembly-CSharp", "Assembly-CSharp.csproj", "{F6AB1CE3-C637-2CC6-8246-596C05E99B5A}"
EndProject
Project("{FAE04EC0-301F-11D3-BF4B-00C04F79EFBC}") = "Assembly-CSharp-Editor", "Assembly-CSharp-Editor.csproj", "{07FF7A65-A529-B9C1-F4A0-8AD8572DD421}"
EndProject
Global
	GlobalSection(SolutionConfigurationPlatforms) = preSolution
		Debug|Any CPU = Debug|Any CPU
		Release|Any CPU = Release|Any CPU
	EndGlobalSection
	GlobalSection(ProjectConfigurationPlatforms) = postSolution
		{F6AB1CE3-C637-2CC6-8246-596C05E99B5A}.Debug|Any CPU.ActiveCfg = Debug|Any CPU
		{F6AB1CE3-C637-2CC6-8246-596C05E99B5A}.Debug|Any CPU.Build.0 = Debug|Any CPU
		{F6AB1CE3-C637-2CC6-8246-596C05E99B5A}.Release|Any CPU.ActiveCfg = Release|Any CPU
		{F6AB1CE3-C637-2CC6-8246-596C05E99B5A}.Release|Any CPU.Build.0 = Release|Any CPU
		{07FF7A65-A529-B9C1-F4A0-8AD8572DD421}.Debug|Any CPU.ActiveCfg = Debug|Any CPU
		{07FF7A65-A529-B9C1-F4A0-8AD8572DD421}.Debug|Any CPU.Build.0 = Debug|Any CPU
		{07FF7A65-A529-B9C1-F4A0-8AD8572DD421}.Release|Any CPU.ActiveCfg = Release|Any CPU
		{07FF7A65-A529-B9C1-F4A0-8AD8572DD421}.Release|Any CPU.Build.0 = Release|Any CPU
	EndGlobalSection
	GlobalSection(SolutionProperties) = preSolution
		HideSolutionNode = FALSE
	EndGlobalSection
EndGlobal
